
Microsoft Visual Studio Solution File, Format Version 12.00
# Visual Studio 15
VisualStudioVersion = 15.0.28307.136
MinimumVisualStudioVersion = 10.0.40219.1
Project("{FAE04EC0-301F-11D3-BF4B-00C04F79EFBC}") = "ShelvesBusinessLayer", "ShelvesBusinessLayer\ShelvesBusinessLayer.csproj", "{E7A49577-D432-4414-9C3B-EF72ED171A8B}"
EndProject
Project("{FAE04EC0-301F-11D3-BF4B-00C04F79EFBC}") = "ShelvesBusinessLayerTest", "ShelvesBusinessLayerTest\ShelvesBusinessLayerTest.csproj", "{9637629A-B4A9-41BD-9ED7-EDCF53A1736E}"
EndProject
Project("{FAE04EC0-301F-11D3-BF4B-00C04F79EFBC}") = "ShelvesApp", "ShelvesApp\ShelvesApp.csproj", "{960B3F39-81FB-42C3-9D61-38F065B63A5A}"
EndProject
Project("{FAE04EC0-301F-11D3-BF4B-00C04F79EFBC}") = "ShelvesGUI", "ShelvesGUI\ShelvesGUI.csproj", "{C1201605-4AE1-4B86-9280-E776B86FBC20}"
EndProject
Project("{FAE04EC0-301F-11D3-BF4B-00C04F79EFBC}") = "ShelvesGUIControls", "ShelvesGUIControls\ShelvesGUIControls.csproj", "{AD3C181B-C17C-4E89-912B-7D270A905842}"
EndProject
Project("{FAE04EC0-301F-11D3-BF4B-00C04F79EFBC}") = "ShelvesGUIColors", "ShelvesGUIColors\ShelvesGUIColors.csproj", "{C192E661-B431-444E-BB0E-2922108C3022}"
EndProject
Project("{FAE04EC0-301F-11D3-BF4B-00C04F79EFBC}") = "ShelvesGUIColorsEntitites", "ShelvesGUIColorsEntitites\ShelvesGUIColorsEntitites.csproj", "{624DE708-70C5-4E5D-AFA0-036852968287}"
EndProject
Global
	GlobalSection(SolutionConfigurationPlatforms) = preSolution
		Debug|Any CPU = Debug|Any CPU
		Release|Any CPU = Release|Any CPU
	EndGlobalSection
	GlobalSection(ProjectConfigurationPlatforms) = postSolution
		{E7A49577-D432-4414-9C3B-EF72ED171A8B}.Debug|Any CPU.ActiveCfg = Debug|Any CPU
		{E7A49577-D432-4414-9C3B-EF72ED171A8B}.Debug|Any CPU.Build.0 = Debug|Any CPU
		{E7A49577-D432-4414-9C3B-EF72ED171A8B}.Release|Any CPU.ActiveCfg = Release|Any CPU
		{E7A49577-D432-4414-9C3B-EF72ED171A8B}.Release|Any CPU.Build.0 = Release|Any CPU
		{9637629A-B4A9-41BD-9ED7-EDCF53A1736E}.Debug|Any CPU.ActiveCfg = Debug|Any CPU
		{9637629A-B4A9-41BD-9ED7-EDCF53A1736E}.Debug|Any CPU.Build.0 = Debug|Any CPU
		{9637629A-B4A9-41BD-9ED7-EDCF53A1736E}.Release|Any CPU.ActiveCfg = Release|Any CPU
		{9637629A-B4A9-41BD-9ED7-EDCF53A1736E}.Release|Any CPU.Build.0 = Release|Any CPU
		{960B3F39-81FB-42C3-9D61-38F065B63A5A}.Debug|Any CPU.ActiveCfg = Debug|Any CPU
		{960B3F39-81FB-42C3-9D61-38F065B63A5A}.Debug|Any CPU.Build.0 = Debug|Any CPU
		{960B3F39-81FB-42C3-9D61-38F065B63A5A}.Release|Any CPU.ActiveCfg = Release|Any CPU
		{960B3F39-81FB-42C3-9D61-38F065B63A5A}.Release|Any CPU.Build.0 = Release|Any CPU
		{C1201605-4AE1-4B86-9280-E776B86FBC20}.Debug|Any CPU.ActiveCfg = Debug|Any CPU
		{C1201605-4AE1-4B86-9280-E776B86FBC20}.Debug|Any CPU.Build.0 = Debug|Any CPU
		{C1201605-4AE1-4B86-9280-E776B86FBC20}.Release|Any CPU.ActiveCfg = Release|Any CPU
		{C1201605-4AE1-4B86-9280-E776B86FBC20}.Release|Any CPU.Build.0 = Release|Any CPU
		{AD3C181B-C17C-4E89-912B-7D270A905842}.Debug|Any CPU.ActiveCfg = Debug|Any CPU
		{AD3C181B-C17C-4E89-912B-7D270A905842}.Debug|Any CPU.Build.0 = Debug|Any CPU
		{AD3C181B-C17C-4E89-912B-7D270A905842}.Release|Any CPU.ActiveCfg = Release|Any CPU
		{AD3C181B-C17C-4E89-912B-7D270A905842}.Release|Any CPU.Build.0 = Release|Any CPU
		{C192E661-B431-444E-BB0E-2922108C3022}.Debug|Any CPU.ActiveCfg = Debug|Any CPU
		{C192E661-B431-444E-BB0E-2922108C3022}.Debug|Any CPU.Build.0 = Debug|Any CPU
		{C192E661-B431-444E-BB0E-2922108C3022}.Release|Any CPU.ActiveCfg = Release|Any CPU
		{C192E661-B431-444E-BB0E-2922108C3022}.Release|Any CPU.Build.0 = Release|Any CPU
		{624DE708-70C5-4E5D-AFA0-036852968287}.Debug|Any CPU.ActiveCfg = Debug|Any CPU
		{624DE708-70C5-4E5D-AFA0-036852968287}.Debug|Any CPU.Build.0 = Debug|Any CPU
		{624DE708-70C5-4E5D-AFA0-036852968287}.Release|Any CPU.ActiveCfg = Release|Any CPU
		{624DE708-70C5-4E5D-AFA0-036852968287}.Release|Any CPU.Build.0 = Release|Any CPU
	EndGlobalSection
	GlobalSection(SolutionProperties) = preSolution
		HideSolutionNode = FALSE
	EndGlobalSection
	GlobalSection(ExtensibilityGlobals) = postSolution
		SolutionGuid = {8AB633AF-6E0D-4797-BE66-B914B75D44B8}
	EndGlobalSection
EndGlobal
